
Microsoft Visual Studio Solution File, Format Version 12.00
# Visual Studio 15
VisualStudioVersion = 15.0.28010.2048
MinimumVisualStudioVersion = 10.0.40219.1
Project("{FAE04EC0-301F-11D3-BF4B-00C04F79EFBC}") = "MonoGame_DeMotDaan", "MonoGame_DeMotDaan\MonoGame_DeMotDaan.csproj", "{309AF1C2-CEB3-44C2-923E-2830E1560945}"
EndProject
Global
	GlobalSection(SolutionConfigurationPlatforms) = preSolution
		Debug|x86 = Debug|x86
		Release|x86 = Release|x86
	EndGlobalSection
	GlobalSection(ProjectConfigurationPlatforms) = postSolution
		{309AF1C2-CEB3-44C2-923E-2830E1560945}.Debug|x86.ActiveCfg = Debug|x86
		{309AF1C2-CEB3-44C2-923E-2830E1560945}.Debug|x86.Build.0 = Debug|x86
		{309AF1C2-CEB3-44C2-923E-2830E1560945}.Release|x86.ActiveCfg = Release|x86
		{309AF1C2-CEB3-44C2-923E-2830E1560945}.Release|x86.Build.0 = Release|x86
	EndGlobalSection
	GlobalSection(SolutionProperties) = preSolution
		HideSolutionNode = FALSE
	EndGlobalSection
	GlobalSection(ExtensibilityGlobals) = postSolution
		SolutionGuid = {576C33EC-EC74-4AC0-8D97-EC148EA47B90}
	EndGlobalSection
EndGlobal
